<?xml version="1.0" encoding="utf-8"?>
<Project ToolsVersion="4.0" xmlns="http://schemas.microsoft.com/developer/msbuild/2003">
  <ItemGroup>
    <Filter Include="Headers">
      <UniqueIdentifier>{93995380-89BD-4b04-88EB-625FBE52EBFB}</UniqueIdentifier>
      <Extensions>h;hh;hpp;hxx;h++;hm;inl;inc;ipp;xsd</Extensions>
    </Filter>
    <Filter Include="Sources">
      <UniqueIdentifier>{4FC737F1-C7A5-4376-A066-2A32D752A2FF}</UniqueIdentifier>
      <Extensions>cpp;c;cc;cxx;c++;cppm;ixx;def;odl;idl;hpj;bat;asm;asmx</Extensions>
    </Filter>
  </ItemGroup>
  <ItemGroup>
    <ClCompile Include="main.cpp">
      <Filter>Sources</Filter>
    </ClCompile>
    <ClCompile Include="oaui\Core\UI\UI.cpp">
      <Filter>Sources</Filter>
    </ClCompile>
    <ClCompile Include="oaui\Core\UI\Window.cpp">
      <Filter>Sources</Filter>
    </ClCompile>
    <ClCompile Include="oaui\Core\UI\Windows\DockspaceWindow\DockspaceWindow.cpp">
      <Filter>Sources</Filter>
    </ClCompile>
    <ClCompile Include="oaui\Core\UI\MenuBar\MainMenuBar\MainMenuBar.cpp">
      <Filter>Sources</Filter>
    </ClCompile>
    <ClCompile Include="oaui\Core\State\State.cpp">
      <Filter>Sources</Filter>
    </ClCompile>
    <ClCompile Include="oaui\Core\UI\Windows\SavingWindow\SavingWindow.cpp">
      <Filter>Sources</Filter>
    </ClCompile>
    <ClCompile Include="oaui\Utils\Utils.cpp">
      <Filter>Sources</Filter>
    </ClCompile>
    <ClCompile Include="oaui\Core\UI\Windows\OutputWindow\OutputWindow.cpp">
      <Filter>Sources</Filter>
    </ClCompile>
    <ClCompile Include="oaui\Core\UI\Windows\NotepadWindow\NotepadWindow.cpp">
      <Filter>Sources</Filter>
    </ClCompile>
    <ClCompile Include="oaui\Core\UI\Windows\DatabaseViewerWindow\DatabaseViewerWindow.cpp">
      <Filter>Sources</Filter>
    </ClCompile>
    <ClCompile Include="oaui\Core\UI\Windows\TestingWindow\TestingWindow.cpp">
      <Filter>Sources</Filter>
    </ClCompile>
  </ItemGroup>
  <ItemGroup>
    <ClInclude Include="oaui\oaui.h">
      <Filter>Headers</Filter>
    </ClInclude>
    <ClInclude Include="oaui\Resources\IconFont.h">
      <Filter>Headers</Filter>
    </ClInclude>
    <ClInclude Include="oaui\Core\State\State.h">
      <Filter>Headers</Filter>
    </ClInclude>
    <ClInclude Include="oaui\Core\UI\UI.h">
      <Filter>Headers</Filter>
    </ClInclude>
    <ClInclude Include="oaui\Core\UI\Windows\DockspaceWindow\DockspaceWindow.h">
      <Filter>Headers</Filter>
    </ClInclude>
    <ClInclude Include="oaui\Core\UI\Window.h">
      <Filter>Headers</Filter>
    </ClInclude>
    <ClInclude Include="oaui\Core\UI\MenuBar.h">
      <Filter>Headers</Filter>
    </ClInclude>
    <ClInclude Include="oaui\Core\UI\MenuBar\MainMenuBar\MainMenuBar.h">
      <Filter>Headers</Filter>
    </ClInclude>
    <ClInclude Include="oaui\Core\UI\Windows\SavingWindow\SavingWindow.h">
      <Filter>Headers</Filter>
    </ClInclude>
    <ClInclude Include="oaui\Utils\Utils.h">
      <Filter>Headers</Filter>
    </ClInclude>
    <ClInclude Include="oaui\Core\UI\Windows\OutputWindow\OutputWindow.h">
      <Filter>Headers</Filter>
    </ClInclude>
    <ClInclude Include="oaui\Core\UI\Windows\NotepadWindow\NotepadWindow.h">
      <Filter>Headers</Filter>
    </ClInclude>
    <ClInclude Include="oaui\Core\UI\Windows\DatabaseViewerWindow\DatabaseViewerWindow.h">
      <Filter>Headers</Filter>
    </ClInclude>
    <ClInclude Include="oaui\Core\UI\Windows\TestingWindow\TestingWindow.h">
      <Filter>Headers</Filter>
    </ClInclude>
    <ClInclude Include="oaui\Core\UI\Windows\DisassemblerWindow\DisassemblerWindow.h">
      <Filter>Headers</Filter>
    </ClInclude>
  </ItemGroup>
</Project>